
Microsoft Visual Studio Solution File, Format Version 12.00
# Visual Studio 14
VisualStudioVersion = 14.0.24720.0
MinimumVisualStudioVersion = 10.0.40219.1
Project("{FAE04EC0-301F-11D3-BF4B-00C04F79EFBC}") = "ServicesHost", "ServicesHost\ServicesHost.csproj", "{05FC442B-B9E6-4E76-9F90-4AD2315763EB}"
EndProject
Project("{FAE04EC0-301F-11D3-BF4B-00C04F79EFBC}") = "ServicesTests", "ServicesTests\ServicesTests.csproj", "{D30FB42E-F229-40E9-9263-5AEBD9A6FE5C}"
EndProject
Project("{FAE04EC0-301F-11D3-BF4B-00C04F79EFBC}") = "DomainModel", "DomainModel\DomainModel.csproj", "{7B427894-3D45-48EF-B6C6-265ED2010305}"
EndProject
Project("{FAE04EC0-301F-11D3-BF4B-00C04F79EFBC}") = "Domain", "Domain\Domain.csproj", "{E7159A1B-0B3D-4C79-8B4F-4D448181FEC7}"
EndProject
Project("{2150E333-8FDC-42A3-9474-1A3956D46DE8}") = "Back", "Back", "{DC3181EA-6CEC-406D-8600-BB12EBFF3388}"
EndProject
Project("{2150E333-8FDC-42A3-9474-1A3956D46DE8}") = "Front", "Front", "{D49ED4E0-B734-4936-9C11-6D4969D24FAD}"
EndProject
Project("{FAE04EC0-301F-11D3-BF4B-00C04F79EFBC}") = "Proxies", "Proxies\Proxies.csproj", "{5D4FA127-E801-4896-8E68-8C0FCFF42A38}"
EndProject
Project("{2150E333-8FDC-42A3-9474-1A3956D46DE8}") = "Tests", "Tests", "{C7A71FFF-7703-4B46-A7D5-E6C907481D4C}"
EndProject
Project("{2150E333-8FDC-42A3-9474-1A3956D46DE8}") = "BackTests", "BackTests", "{B30C2B11-721F-48C3-B780-311E68D3CCCA}"
EndProject
Project("{2150E333-8FDC-42A3-9474-1A3956D46DE8}") = "FrontTests", "FrontTests", "{B20E0CAF-CC7C-4372-94FC-8BAD3D0FF481}"
EndProject
Project("{FAE04EC0-301F-11D3-BF4B-00C04F79EFBC}") = "MockedRepositoriesTests", "MockedRepositoriesTests\MockedRepositoriesTests.csproj", "{F7140B7E-C20A-40B0-9B18-4CAD6D0B8284}"
EndProject
Project("{FAE04EC0-301F-11D3-BF4B-00C04F79EFBC}") = "RollbackDatabaseTests", "RollbackDatabaseTests\RollbackDatabaseTests.csproj", "{2EF82929-7CA8-41E5-97BE-B82E817A1C49}"
EndProject
Global
	GlobalSection(SolutionConfigurationPlatforms) = preSolution
		Debug|Any CPU = Debug|Any CPU
		Release|Any CPU = Release|Any CPU
	EndGlobalSection
	GlobalSection(ProjectConfigurationPlatforms) = postSolution
		{05FC442B-B9E6-4E76-9F90-4AD2315763EB}.Debug|Any CPU.ActiveCfg = Debug|Any CPU
		{05FC442B-B9E6-4E76-9F90-4AD2315763EB}.Debug|Any CPU.Build.0 = Debug|Any CPU
		{05FC442B-B9E6-4E76-9F90-4AD2315763EB}.Release|Any CPU.ActiveCfg = Release|Any CPU
		{05FC442B-B9E6-4E76-9F90-4AD2315763EB}.Release|Any CPU.Build.0 = Release|Any CPU
		{D30FB42E-F229-40E9-9263-5AEBD9A6FE5C}.Debug|Any CPU.ActiveCfg = Debug|Any CPU
		{D30FB42E-F229-40E9-9263-5AEBD9A6FE5C}.Debug|Any CPU.Build.0 = Debug|Any CPU
		{D30FB42E-F229-40E9-9263-5AEBD9A6FE5C}.Release|Any CPU.ActiveCfg = Release|Any CPU
		{D30FB42E-F229-40E9-9263-5AEBD9A6FE5C}.Release|Any CPU.Build.0 = Release|Any CPU
		{7B427894-3D45-48EF-B6C6-265ED2010305}.Debug|Any CPU.ActiveCfg = Debug|Any CPU
		{7B427894-3D45-48EF-B6C6-265ED2010305}.Debug|Any CPU.Build.0 = Debug|Any CPU
		{7B427894-3D45-48EF-B6C6-265ED2010305}.Release|Any CPU.ActiveCfg = Release|Any CPU
		{7B427894-3D45-48EF-B6C6-265ED2010305}.Release|Any CPU.Build.0 = Release|Any CPU
		{E7159A1B-0B3D-4C79-8B4F-4D448181FEC7}.Debug|Any CPU.ActiveCfg = Debug|Any CPU
		{E7159A1B-0B3D-4C79-8B4F-4D448181FEC7}.Debug|Any CPU.Build.0 = Debug|Any CPU
		{E7159A1B-0B3D-4C79-8B4F-4D448181FEC7}.Release|Any CPU.ActiveCfg = Release|Any CPU
		{E7159A1B-0B3D-4C79-8B4F-4D448181FEC7}.Release|Any CPU.Build.0 = Release|Any CPU
		{5D4FA127-E801-4896-8E68-8C0FCFF42A38}.Debug|Any CPU.ActiveCfg = Debug|Any CPU
		{5D4FA127-E801-4896-8E68-8C0FCFF42A38}.Debug|Any CPU.Build.0 = Debug|Any CPU
		{5D4FA127-E801-4896-8E68-8C0FCFF42A38}.Release|Any CPU.ActiveCfg = Release|Any CPU
		{5D4FA127-E801-4896-8E68-8C0FCFF42A38}.Release|Any CPU.Build.0 = Release|Any CPU
		{F7140B7E-C20A-40B0-9B18-4CAD6D0B8284}.Debug|Any CPU.ActiveCfg = Debug|Any CPU
		{F7140B7E-C20A-40B0-9B18-4CAD6D0B8284}.Debug|Any CPU.Build.0 = Debug|Any CPU
		{F7140B7E-C20A-40B0-9B18-4CAD6D0B8284}.Release|Any CPU.ActiveCfg = Release|Any CPU
		{F7140B7E-C20A-40B0-9B18-4CAD6D0B8284}.Release|Any CPU.Build.0 = Release|Any CPU
		{2EF82929-7CA8-41E5-97BE-B82E817A1C49}.Debug|Any CPU.ActiveCfg = Debug|Any CPU
		{2EF82929-7CA8-41E5-97BE-B82E817A1C49}.Debug|Any CPU.Build.0 = Debug|Any CPU
		{2EF82929-7CA8-41E5-97BE-B82E817A1C49}.Release|Any CPU.ActiveCfg = Release|Any CPU
		{2EF82929-7CA8-41E5-97BE-B82E817A1C49}.Release|Any CPU.Build.0 = Release|Any CPU
	EndGlobalSection
	GlobalSection(SolutionProperties) = preSolution
		HideSolutionNode = FALSE
	EndGlobalSection
	GlobalSection(NestedProjects) = preSolution
		{05FC442B-B9E6-4E76-9F90-4AD2315763EB} = {DC3181EA-6CEC-406D-8600-BB12EBFF3388}
		{D30FB42E-F229-40E9-9263-5AEBD9A6FE5C} = {B20E0CAF-CC7C-4372-94FC-8BAD3D0FF481}
		{7B427894-3D45-48EF-B6C6-265ED2010305} = {DC3181EA-6CEC-406D-8600-BB12EBFF3388}
		{E7159A1B-0B3D-4C79-8B4F-4D448181FEC7} = {DC3181EA-6CEC-406D-8600-BB12EBFF3388}
		{5D4FA127-E801-4896-8E68-8C0FCFF42A38} = {D49ED4E0-B734-4936-9C11-6D4969D24FAD}
		{F7140B7E-C20A-40B0-9B18-4CAD6D0B8284} = {B30C2B11-721F-48C3-B780-311E68D3CCCA}
		{2EF82929-7CA8-41E5-97BE-B82E817A1C49} = {B30C2B11-721F-48C3-B780-311E68D3CCCA}
	EndGlobalSection
EndGlobal
